
Microsoft Visual Studio Solution File, Format Version 12.00
# Visual Studio 2013
VisualStudioVersion = 12.0.40629.0
MinimumVisualStudioVersion = 10.0.40219.1
Project("{FAE04EC0-301F-11D3-BF4B-00C04F79EFBC}") = "Xin", "Xin\Xin.csproj", "{3DAB6192-9FE0-4AB1-B03F-4F05FA6AD0E5}"
EndProject
Project("{FAE04EC0-301F-11D3-BF4B-00C04F79EFBC}") = "Xin.AQS", "Xin.AQS\Xin.AQS.csproj", "{6F1A2209-D543-4584-88E5-E269C4D0F756}"
EndProject
Project("{FAE04EC0-301F-11D3-BF4B-00C04F79EFBC}") = "Xin.WebApplication", "Xin.WebApplication\Xin.WebApplication.csproj", "{F956DDF0-1472-49DC-B3AF-B5A6EBDF9E17}"
EndProject
Project("{FAE04EC0-301F-11D3-BF4B-00C04F79EFBC}") = "Xin.TopshelfQuartz", "Xin.TopshelfQuartz\Xin.TopshelfQuartz.csproj", "{A683DC9A-5D0A-4FB1-AE36-83EB141590C8}"
EndProject
Project("{FAE04EC0-301F-11D3-BF4B-00C04F79EFBC}") = "Xin.ConsoleApplication", "Xin.ConsoleApplication\Xin.ConsoleApplication.csproj", "{BE91B7FA-4322-47CB-B066-B59620F72FE6}"
EndProject
Project("{FAE04EC0-301F-11D3-BF4B-00C04F79EFBC}") = "Xin.WindowsFormsApplication", "Xin.WindowsFormsApplication\Xin.WindowsFormsApplication.csproj", "{49634E0D-C007-425A-800D-83F07AD8B1CA}"
EndProject
Project("{FAE04EC0-301F-11D3-BF4B-00C04F79EFBC}") = "Xin.Web", "Xin.Web\Xin.Web.csproj", "{394BFCE7-AD00-49C9-BB73-D00D5291B49B}"
EndProject
Project("{FAE04EC0-301F-11D3-BF4B-00C04F79EFBC}") = "Xin.EF", "Xin.EF\Xin.EF.csproj", "{5367ACA4-44C3-487F-AE3C-1044D0D2B10F}"
EndProject
Project("{FAE04EC0-301F-11D3-BF4B-00C04F79EFBC}") = "Xin.Sync", "Xin.Sync\Xin.Sync.csproj", "{7DF79239-871C-47BD-BF48-79BDB4AD15CD}"
EndProject
Global
	GlobalSection(SolutionConfigurationPlatforms) = preSolution
		Debug|Any CPU = Debug|Any CPU
		Release|Any CPU = Release|Any CPU
	EndGlobalSection
	GlobalSection(ProjectConfigurationPlatforms) = postSolution
		{3DAB6192-9FE0-4AB1-B03F-4F05FA6AD0E5}.Debug|Any CPU.ActiveCfg = Debug|Any CPU
		{3DAB6192-9FE0-4AB1-B03F-4F05FA6AD0E5}.Debug|Any CPU.Build.0 = Debug|Any CPU
		{3DAB6192-9FE0-4AB1-B03F-4F05FA6AD0E5}.Release|Any CPU.ActiveCfg = Release|Any CPU
		{3DAB6192-9FE0-4AB1-B03F-4F05FA6AD0E5}.Release|Any CPU.Build.0 = Release|Any CPU
		{6F1A2209-D543-4584-88E5-E269C4D0F756}.Debug|Any CPU.ActiveCfg = Debug|Any CPU
		{6F1A2209-D543-4584-88E5-E269C4D0F756}.Debug|Any CPU.Build.0 = Debug|Any CPU
		{6F1A2209-D543-4584-88E5-E269C4D0F756}.Release|Any CPU.ActiveCfg = Release|Any CPU
		{6F1A2209-D543-4584-88E5-E269C4D0F756}.Release|Any CPU.Build.0 = Release|Any CPU
		{F956DDF0-1472-49DC-B3AF-B5A6EBDF9E17}.Debug|Any CPU.ActiveCfg = Debug|Any CPU
		{F956DDF0-1472-49DC-B3AF-B5A6EBDF9E17}.Debug|Any CPU.Build.0 = Debug|Any CPU
		{F956DDF0-1472-49DC-B3AF-B5A6EBDF9E17}.Release|Any CPU.ActiveCfg = Release|Any CPU
		{F956DDF0-1472-49DC-B3AF-B5A6EBDF9E17}.Release|Any CPU.Build.0 = Release|Any CPU
		{A683DC9A-5D0A-4FB1-AE36-83EB141590C8}.Debug|Any CPU.ActiveCfg = Debug|Any CPU
		{A683DC9A-5D0A-4FB1-AE36-83EB141590C8}.Debug|Any CPU.Build.0 = Debug|Any CPU
		{A683DC9A-5D0A-4FB1-AE36-83EB141590C8}.Release|Any CPU.ActiveCfg = Release|Any CPU
		{A683DC9A-5D0A-4FB1-AE36-83EB141590C8}.Release|Any CPU.Build.0 = Release|Any CPU
		{BE91B7FA-4322-47CB-B066-B59620F72FE6}.Debug|Any CPU.ActiveCfg = Debug|Any CPU
		{BE91B7FA-4322-47CB-B066-B59620F72FE6}.Debug|Any CPU.Build.0 = Debug|Any CPU
		{BE91B7FA-4322-47CB-B066-B59620F72FE6}.Release|Any CPU.ActiveCfg = Release|Any CPU
		{BE91B7FA-4322-47CB-B066-B59620F72FE6}.Release|Any CPU.Build.0 = Release|Any CPU
		{49634E0D-C007-425A-800D-83F07AD8B1CA}.Debug|Any CPU.ActiveCfg = Debug|Any CPU
		{49634E0D-C007-425A-800D-83F07AD8B1CA}.Debug|Any CPU.Build.0 = Debug|Any CPU
		{49634E0D-C007-425A-800D-83F07AD8B1CA}.Release|Any CPU.ActiveCfg = Release|Any CPU
		{49634E0D-C007-425A-800D-83F07AD8B1CA}.Release|Any CPU.Build.0 = Release|Any CPU
		{394BFCE7-AD00-49C9-BB73-D00D5291B49B}.Debug|Any CPU.ActiveCfg = Debug|Any CPU
		{394BFCE7-AD00-49C9-BB73-D00D5291B49B}.Debug|Any CPU.Build.0 = Debug|Any CPU
		{394BFCE7-AD00-49C9-BB73-D00D5291B49B}.Release|Any CPU.ActiveCfg = Release|Any CPU
		{394BFCE7-AD00-49C9-BB73-D00D5291B49B}.Release|Any CPU.Build.0 = Release|Any CPU
		{5367ACA4-44C3-487F-AE3C-1044D0D2B10F}.Debug|Any CPU.ActiveCfg = Debug|Any CPU
		{5367ACA4-44C3-487F-AE3C-1044D0D2B10F}.Debug|Any CPU.Build.0 = Debug|Any CPU
		{5367ACA4-44C3-487F-AE3C-1044D0D2B10F}.Release|Any CPU.ActiveCfg = Release|Any CPU
		{5367ACA4-44C3-487F-AE3C-1044D0D2B10F}.Release|Any CPU.Build.0 = Release|Any CPU
		{7DF79239-871C-47BD-BF48-79BDB4AD15CD}.Debug|Any CPU.ActiveCfg = Debug|Any CPU
		{7DF79239-871C-47BD-BF48-79BDB4AD15CD}.Debug|Any CPU.Build.0 = Debug|Any CPU
		{7DF79239-871C-47BD-BF48-79BDB4AD15CD}.Release|Any CPU.ActiveCfg = Release|Any CPU
		{7DF79239-871C-47BD-BF48-79BDB4AD15CD}.Release|Any CPU.Build.0 = Release|Any CPU
	EndGlobalSection
	GlobalSection(SolutionProperties) = preSolution
		HideSolutionNode = FALSE
	EndGlobalSection
EndGlobal
